// !$*UTF8*$!
{
	archiveVersion = 1;
	classes = {
	};
	objectVersion = 50;
	objects = {

/* Begin PBXBuildFile section */
		608983D921027C5800FFD85E /* AppDelegate.swift in Sources */ = {isa = PBXBuildFile; fileRef = 608983D821027C5800FFD85E /* AppDelegate.swift */; };
		608983DB21027C5800FFD85E /* ViewController.swift in Sources */ = {isa = PBXBuildFile; fileRef = 608983DA21027C5800FFD85E /* ViewController.swift */; };
		608983DE21027C5800FFD85E /* Main.storyboard in Resources */ = {isa = PBXBuildFile; fileRef = 608983DC21027C5800FFD85E /* Main.storyboard */; };
		608983E021027C5A00FFD85E /* Assets.xcassets in Resources */ = {isa = PBXBuildFile; fileRef = 608983DF21027C5A00FFD85E /* Assets.xcassets */; };
		608983E321027C5A00FFD85E /* LaunchScreen.storyboard in Resources */ = {isa = PBXBuildFile; fileRef = 608983E121027C5A00FFD85E /* LaunchScreen.storyboard */; };
		608983EE21027C5A00FFD85E /* EmbraceIOIntegrationDemoTests.swift in Sources */ = {isa = PBXBuildFile; fileRef = 608983ED21027C5A00FFD85E /* EmbraceIOIntegrationDemoTests.swift */; };
		608983F921027C5A00FFD85E /* EmbraceIOIntegrationDemoUITests.swift in Sources */ = {isa = PBXBuildFile; fileRef = 608983F821027C5A00FFD85E /* EmbraceIOIntegrationDemoUITests.swift */; };
/* End PBXBuildFile section */

/* Begin PBXContainerItemProxy section */
		608983EA21027C5A00FFD85E /* PBXContainerItemProxy */ = {
			isa = PBXContainerItemProxy;
			containerPortal = 608983CD21027C5800FFD85E /* Project object */;
			proxyType = 1;
			remoteGlobalIDString = 608983D421027C5800FFD85E;
			remoteInfo = EmbraceIOIntegrationDemo;
		};
		608983F521027C5A00FFD85E /* PBXContainerItemProxy */ = {
			isa = PBXContainerItemProxy;
			containerPortal = 608983CD21027C5800FFD85E /* Project object */;
			proxyType = 1;
			remoteGlobalIDString = 608983D421027C5800FFD85E;
			remoteInfo = EmbraceIOIntegrationDemo;
		};
/* End PBXContainerItemProxy section */

/* Begin PBXFileReference section */
		608983D521027C5800FFD85E /* EmbraceIOIntegrationDemo.app */ = {isa = PBXFileReference; explicitFileType = wrapper.application; includeInIndex = 0; path = EmbraceIOIntegrationDemo.app; sourceTree = BUILT_PRODUCTS_DIR; };
		608983D821027C5800FFD85E /* AppDelegate.swift */ = {isa = PBXFileReference; lastKnownFileType = sourcecode.swift; path = AppDelegate.swift; sourceTree = "<group>"; };
		608983DA21027C5800FFD85E /* ViewController.swift */ = {isa = PBXFileReference; lastKnownFileType = sourcecode.swift; path = ViewController.swift; sourceTree = "<group>"; };
		608983DD21027C5800FFD85E /* Base */ = {isa = PBXFileReference; lastKnownFileType = file.storyboard; name = Base; path = Base.lproj/Main.storyboard; sourceTree = "<group>"; };
		608983DF21027C5A00FFD85E /* Assets.xcassets */ = {isa = PBXFileReference; lastKnownFileType = folder.assetcatalog; path = Assets.xcassets; sourceTree = "<group>"; };
		608983E221027C5A00FFD85E /* Base */ = {isa = PBXFileReference; lastKnownFileType = file.storyboard; name = Base; path = Base.lproj/LaunchScreen.storyboard; sourceTree = "<group>"; };
		608983E421027C5A00FFD85E /* Info.plist */ = {isa = PBXFileReference; lastKnownFileType = text.plist.xml; path = Info.plist; sourceTree = "<group>"; };
		608983E921027C5A00FFD85E /* EmbraceIOIntegrationDemoTests.xctest */ = {isa = PBXFileReference; explicitFileType = wrapper.cfbundle; includeInIndex = 0; path = EmbraceIOIntegrationDemoTests.xctest; sourceTree = BUILT_PRODUCTS_DIR; };
		608983ED21027C5A00FFD85E /* EmbraceIOIntegrationDemoTests.swift */ = {isa = PBXFileReference; lastKnownFileType = sourcecode.swift; path = EmbraceIOIntegrationDemoTests.swift; sourceTree = "<group>"; };
		608983EF21027C5A00FFD85E /* Info.plist */ = {isa = PBXFileReference; lastKnownFileType = text.plist.xml; path = Info.plist; sourceTree = "<group>"; };
		608983F421027C5A00FFD85E /* EmbraceIOIntegrationDemoUITests.xctest */ = {isa = PBXFileReference; explicitFileType = wrapper.cfbundle; includeInIndex = 0; path = EmbraceIOIntegrationDemoUITests.xctest; sourceTree = BUILT_PRODUCTS_DIR; };
		608983F821027C5A00FFD85E /* EmbraceIOIntegrationDemoUITests.swift */ = {isa = PBXFileReference; lastKnownFileType = sourcecode.swift; path = EmbraceIOIntegrationDemoUITests.swift; sourceTree = "<group>"; };
		608983FA21027C5A00FFD85E /* Info.plist */ = {isa = PBXFileReference; lastKnownFileType = text.plist.xml; path = Info.plist; sourceTree = "<group>"; };
/* End PBXFileReference section */

/* Begin PBXFrameworksBuildPhase section */
		608983D221027C5800FFD85E /* Frameworks */ = {
			isa = PBXFrameworksBuildPhase;
			buildActionMask = 2147483647;
			files = (
			);
			runOnlyForDeploymentPostprocessing = 0;
		};
		608983E621027C5A00FFD85E /* Frameworks */ = {
			isa = PBXFrameworksBuildPhase;
			buildActionMask = 2147483647;
			files = (
			);
			runOnlyForDeploymentPostprocessing = 0;
		};
		608983F121027C5A00FFD85E /* Frameworks */ = {
			isa = PBXFrameworksBuildPhase;
			buildActionMask = 2147483647;
			files = (
			);
			runOnlyForDeploymentPostprocessing = 0;
		};
/* End PBXFrameworksBuildPhase section */

/* Begin PBXGroup section */
		608983CC21027C5800FFD85E = {
			isa = PBXGroup;
			children = (
				608983D721027C5800FFD85E /* EmbraceIOIntegrationDemo */,
				608983EC21027C5A00FFD85E /* EmbraceIOIntegrationDemoTests */,
				608983F721027C5A00FFD85E /* EmbraceIOIntegrationDemoUITests */,
				608983D621027C5800FFD85E /* Products */,
			);
			sourceTree = "<group>";
		};
		608983D621027C5800FFD85E /* Products */ = {
			isa = PBXGroup;
			children = (
				608983D521027C5800FFD85E /* EmbraceIOIntegrationDemo.app */,
				608983E921027C5A00FFD85E /* EmbraceIOIntegrationDemoTests.xctest */,
				608983F421027C5A00FFD85E /* EmbraceIOIntegrationDemoUITests.xctest */,
			);
			name = Products;
			sourceTree = "<group>";
		};
		608983D721027C5800FFD85E /* EmbraceIOIntegrationDemo */ = {
			isa = PBXGroup;
			children = (
				608983D821027C5800FFD85E /* AppDelegate.swift */,
				608983DA21027C5800FFD85E /* ViewController.swift */,
				608983DC21027C5800FFD85E /* Main.storyboard */,
				608983DF21027C5A00FFD85E /* Assets.xcassets */,
				608983E121027C5A00FFD85E /* LaunchScreen.storyboard */,
				608983E421027C5A00FFD85E /* Info.plist */,
			);
			path = EmbraceIOIntegrationDemo;
			sourceTree = "<group>";
		};
		608983EC21027C5A00FFD85E /* EmbraceIOIntegrationDemoTests */ = {
			isa = PBXGroup;
			children = (
				608983ED21027C5A00FFD85E /* EmbraceIOIntegrationDemoTests.swift */,
				608983EF21027C5A00FFD85E /* Info.plist */,
			);
			path = EmbraceIOIntegrationDemoTests;
			sourceTree = "<group>";
		};
		608983F721027C5A00FFD85E /* EmbraceIOIntegrationDemoUITests */ = {
			isa = PBXGroup;
			children = (
				608983F821027C5A00FFD85E /* EmbraceIOIntegrationDemoUITests.swift */,
				608983FA21027C5A00FFD85E /* Info.plist */,
			);
			path = EmbraceIOIntegrationDemoUITests;
			sourceTree = "<group>";
		};
/* End PBXGroup section */

/* Begin PBXNativeTarget section */
		608983D421027C5800FFD85E /* EmbraceIOIntegrationDemo */ = {
			isa = PBXNativeTarget;
			buildConfigurationList = 608983FD21027C5A00FFD85E /* Build configuration list for PBXNativeTarget "EmbraceIOIntegrationDemo" */;
			buildPhases = (
				608983D121027C5800FFD85E /* Sources */,
				608983D221027C5800FFD85E /* Frameworks */,
				608983D321027C5800FFD85E /* Resources */,
			);
			buildRules = (
			);
			dependencies = (
			);
			name = EmbraceIOIntegrationDemo;
			productName = EmbraceIOIntegrationDemo;
			productReference = 608983D521027C5800FFD85E /* EmbraceIOIntegrationDemo.app */;
			productType = "com.apple.product-type.application";
		};
		608983E821027C5A00FFD85E /* EmbraceIOIntegrationDemoTests */ = {
			isa = PBXNativeTarget;
			buildConfigurationList = 6089840021027C5A00FFD85E /* Build configuration list for PBXNativeTarget "EmbraceIOIntegrationDemoTests" */;
			buildPhases = (
				608983E521027C5A00FFD85E /* Sources */,
				608983E621027C5A00FFD85E /* Frameworks */,
				608983E721027C5A00FFD85E /* Resources */,
			);
			buildRules = (
			);
			dependencies = (
				608983EB21027C5A00FFD85E /* PBXTargetDependency */,
			);
			name = EmbraceIOIntegrationDemoTests;
			productName = EmbraceIOIntegrationDemoTests;
			productReference = 608983E921027C5A00FFD85E /* EmbraceIOIntegrationDemoTests.xctest */;
			productType = "com.apple.product-type.bundle.unit-test";
		};
		608983F321027C5A00FFD85E /* EmbraceIOIntegrationDemoUITests */ = {
			isa = PBXNativeTarget;
			buildConfigurationList = 6089840321027C5A00FFD85E /* Build configuration list for PBXNativeTarget "EmbraceIOIntegrationDemoUITests" */;
			buildPhases = (
				608983F021027C5A00FFD85E /* Sources */,
				608983F121027C5A00FFD85E /* Frameworks */,
				608983F221027C5A00FFD85E /* Resources */,
			);
			buildRules = (
			);
			dependencies = (
				608983F621027C5A00FFD85E /* PBXTargetDependency */,
			);
			name = EmbraceIOIntegrationDemoUITests;
			productName = EmbraceIOIntegrationDemoUITests;
			productReference = 608983F421027C5A00FFD85E /* EmbraceIOIntegrationDemoUITests.xctest */;
			productType = "com.apple.product-type.bundle.ui-testing";
		};
/* End PBXNativeTarget section */

/* Begin PBXProject section */
		608983CD21027C5800FFD85E /* Project object */ = {
			isa = PBXProject;
			attributes = {
				LastSwiftUpdateCheck = 0940;
				LastUpgradeCheck = 0940;
				ORGANIZATIONNAME = "Bottle Rocket Studios";
				TargetAttributes = {
					608983D421027C5800FFD85E = {
						CreatedOnToolsVersion = 9.4.1;
					};
					608983E821027C5A00FFD85E = {
						CreatedOnToolsVersion = 9.4.1;
						TestTargetID = 608983D421027C5800FFD85E;
					};
					608983F321027C5A00FFD85E = {
						CreatedOnToolsVersion = 9.4.1;
						TestTargetID = 608983D421027C5800FFD85E;
					};
				};
			};
			buildConfigurationList = 608983D021027C5800FFD85E /* Build configuration list for PBXProject "EmbraceIOIntegrationDemo" */;
			compatibilityVersion = "Xcode 9.3";
			developmentRegion = en;
			hasScannedForEncodings = 0;
			knownRegions = (
				en,
				Base,
			);
			mainGroup = 608983CC21027C5800FFD85E;
			productRefGroup = 608983D621027C5800FFD85E /* Products */;
			projectDirPath = "";
			projectRoot = "";
			targets = (
				608983D421027C5800FFD85E /* EmbraceIOIntegrationDemo */,
				608983E821027C5A00FFD85E /* EmbraceIOIntegrationDemoTests */,
				608983F321027C5A00FFD85E /* EmbraceIOIntegrationDemoUITests */,
			);
		};
/* End PBXProject section */

/* Begin PBXResourcesBuildPhase section */
		608983D321027C5800FFD85E /* Resources */ = {
			isa = PBXResourcesBuildPhase;
			buildActionMask = 2147483647;
			files = (
				608983E321027C5A00FFD85E /* LaunchScreen.storyboard in Resources */,
				608983E021027C5A00FFD85E /* Assets.xcassets in Resources */,
				608983DE21027C5800FFD85E /* Main.storyboard in Resources */,
			);
			runOnlyForDeploymentPostprocessing = 0;
		};
		608983E721027C5A00FFD85E /* Resources */ = {
			isa = PBXResourcesBuildPhase;
			buildActionMask = 2147483647;
			files = (
			);
			runOnlyForDeploymentPostprocessing = 0;
		};
		608983F221027C5A00FFD85E /* Resources */ = {
			isa = PBXResourcesBuildPhase;
			buildActionMask = 2147483647;
			files = (
			);
			runOnlyForDeploymentPostprocessing = 0;
		};
/* End PBXResourcesBuildPhase section */

/* Begin PBXSourcesBuildPhase section */
		608983D121027C5800FFD85E /* Sources */ = {
			isa = PBXSourcesBuildPhase;
			buildActionMask = 2147483647;
			files = (
				608983DB21027C5800FFD85E /* ViewController.swift in Sources */,
				608983D921027C5800FFD85E /* AppDelegate.swift in Sources */,
			);
			runOnlyForDeploymentPostprocessing = 0;
		};
		608983E521027C5A00FFD85E /* Sources */ = {
			isa = PBXSourcesBuildPhase;
			buildActionMask = 2147483647;
			files = (
				608983EE21027C5A00FFD85E /* EmbraceIOIntegrationDemoTests.swift in Sources */,
			);
			runOnlyForDeploymentPostprocessing = 0;
		};
		608983F021027C5A00FFD85E /* Sources */ = {
			isa = PBXSourcesBuildPhase;
			buildActionMask = 2147483647;
			files = (
				608983F921027C5A00FFD85E /* EmbraceIOIntegrationDemoUITests.swift in Sources */,
			);
			runOnlyForDeploymentPostprocessing = 0;
		};
/* End PBXSourcesBuildPhase section */

/* Begin PBXTargetDependency section */
		608983EB21027C5A00FFD85E /* PBXTargetDependency */ = {
			isa = PBXTargetDependency;
			target = 608983D421027C5800FFD85E /* EmbraceIOIntegrationDemo */;
			targetProxy = 608983EA21027C5A00FFD85E /* PBXContainerItemProxy */;
		};
		608983F621027C5A00FFD85E /* PBXTargetDependency */ = {
			isa = PBXTargetDependency;
			target = 608983D421027C5800FFD85E /* EmbraceIOIntegrationDemo */;
			targetProxy = 608983F521027C5A00FFD85E /* PBXContainerItemProxy */;
		};
/* End PBXTargetDependency section */

/* Begin PBXVariantGroup section */
		608983DC21027C5800FFD85E /* Main.storyboard */ = {
			isa = PBXVariantGroup;
			children = (
				608983DD21027C5800FFD85E /* Base */,
			);
			name = Main.storyboard;
			sourceTree = "<group>";
		};
		608983E121027C5A00FFD85E /* LaunchScreen.storyboard */ = {
			isa = PBXVariantGroup;
			children = (
				608983E221027C5A00FFD85E /* Base */,
			);
			name = LaunchScreen.storyboard;
			sourceTree = "<group>";
		};
/* End PBXVariantGroup section */

/* Begin XCBuildConfiguration section */
		608983FB21027C5A00FFD85E /* Debug */ = {
			isa = XCBuildConfiguration;
			buildSettings = {
				ALWAYS_SEARCH_USER_PATHS = NO;
				CLANG_ANALYZER_NONNULL = YES;
				CLANG_ANALYZER_NUMBER_OBJECT_CONVERSION = YES_AGGRESSIVE;
				CLANG_CXX_LANGUAGE_STANDARD = "gnu++14";
				CLANG_CXX_LIBRARY = "libc++";
				CLANG_ENABLE_MODULES = YES;
				CLANG_ENABLE_OBJC_ARC = YES;
				CLANG_ENABLE_OBJC_WEAK = YES;
				CLANG_WARN_BLOCK_CAPTURE_AUTORELEASING = YES;
				CLANG_WARN_BOOL_CONVERSION = YES;
				CLANG_WARN_COMMA = YES;
				CLANG_WARN_CONSTANT_CONVERSION = YES;
				CLANG_WARN_DEPRECATED_OBJC_IMPLEMENTATIONS = YES;
				CLANG_WARN_DIRECT_OBJC_ISA_USAGE = YES_ERROR;
				CLANG_WARN_DOCUMENTATION_COMMENTS = YES;
				CLANG_WARN_EMPTY_BODY = YES;
				CLANG_WARN_ENUM_CONVERSION = YES;
				CLANG_WARN_INFINITE_RECURSION = YES;
				CLANG_WARN_INT_CONVERSION = YES;
				CLANG_WARN_NON_LITERAL_NULL_CONVERSION = YES;
				CLANG_WARN_OBJC_IMPLICIT_RETAIN_SELF = YES;
				CLANG_WARN_OBJC_LITERAL_CONVERSION = YES;
				CLANG_WARN_OBJC_ROOT_CLASS = YES_ERROR;
				CLANG_WARN_RANGE_LOOP_ANALYSIS = YES;
				CLANG_WARN_STRICT_PROTOTYPES = YES;
				CLANG_WARN_SUSPICIOUS_MOVE = YES;
				CLANG_WARN_UNGUARDED_AVAILABILITY = YES_AGGRESSIVE;
				CLANG_WARN_UNREACHABLE_CODE = YES;
				CLANG_WARN__DUPLICATE_METHOD_MATCH = YES;
				CODE_SIGN_IDENTITY = "iPhone Developer";
				COPY_PHASE_STRIP = NO;
				DEBUG_INFORMATION_FORMAT = dwarf;
				ENABLE_STRICT_OBJC_MSGSEND = YES;
				ENABLE_TESTABILITY = YES;
				GCC_C_LANGUAGE_STANDARD = gnu11;
				GCC_DYNAMIC_NO_PIC = NO;
				GCC_NO_COMMON_BLOCKS = YES;
				GCC_OPTIMIZATION_LEVEL = 0;
				GCC_PREPROCESSOR_DEFINITIONS = (
					"DEBUG=1",
					"$(inherited)",
				);
				GCC_WARN_64_TO_32_BIT_CONVERSION = YES;
				GCC_WARN_ABOUT_RETURN_TYPE = YES_ERROR;
				GCC_WARN_UNDECLARED_SELECTOR = YES;
				GCC_WARN_UNINITIALIZED_AUTOS = YES_AGGRESSIVE;
				GCC_WARN_UNUSED_FUNCTION = YES;
				GCC_WARN_UNUSED_VARIABLE = YES;
				IPHONEOS_DEPLOYMENT_TARGET = 11.4;
				MTL_ENABLE_DEBUG_INFO = YES;
				ONLY_ACTIVE_ARCH = YES;
				SDKROOT = iphoneos;
				SWIFT_ACTIVE_COMPILATION_CONDITIONS = DEBUG;
				SWIFT_OPTIMIZATION_LEVEL = "-Onone";
			};
			name = Debug;
		};
		608983FC21027C5A00FFD85E /* Release */ = {
			isa = XCBuildConfiguration;
			buildSettings = {
				ALWAYS_SEARCH_USER_PATHS = NO;
				CLANG_ANALYZER_NONNULL = YES;
				CLANG_ANALYZER_NUMBER_OBJECT_CONVERSION = YES_AGGRESSIVE;
				CLANG_CXX_LANGUAGE_STANDARD = "gnu++14";
				CLANG_CXX_LIBRARY = "libc++";
				CLANG_ENABLE_MODULES = YES;
				CLANG_ENABLE_OBJC_ARC = YES;
				CLANG_ENABLE_OBJC_WEAK = YES;
				CLANG_WARN_BLOCK_CAPTURE_AUTORELEASING = YES;
				CLANG_WARN_BOOL_CONVERSION = YES;
				CLANG_WARN_COMMA = YES;
				CLANG_WARN_CONSTANT_CONVERSION = YES;
				CLANG_WARN_DEPRECATED_OBJC_IMPLEMENTATIONS = YES;
				CLANG_WARN_DIRECT_OBJC_ISA_USAGE = YES_ERROR;
				CLANG_WARN_DOCUMENTATION_COMMENTS = YES;
				CLANG_WARN_EMPTY_BODY = YES;
				CLANG_WARN_ENUM_CONVERSION = YES;
				CLANG_WARN_INFINITE_RECURSION = YES;
				CLANG_WARN_INT_CONVERSION = YES;
				CLANG_WARN_NON_LITERAL_NULL_CONVERSION = YES;
				CLANG_WARN_OBJC_IMPLICIT_RETAIN_SELF = YES;
				CLANG_WARN_OBJC_LITERAL_CONVERSION = YES;
				CLANG_WARN_OBJC_ROOT_CLASS = YES_ERROR;
				CLANG_WARN_RANGE_LOOP_ANALYSIS = YES;
				CLANG_WARN_STRICT_PROTOTYPES = YES;
				CLANG_WARN_SUSPICIOUS_MOVE = YES;
				CLANG_WARN_UNGUARDED_AVAILABILITY = YES_AGGRESSIVE;
				CLANG_WARN_UNREACHABLE_CODE = YES;
				CLANG_WARN__DUPLICATE_METHOD_MATCH = YES;
				CODE_SIGN_IDENTITY = "iPhone Developer";
				COPY_PHASE_STRIP = NO;
				DEBUG_INFORMATION_FORMAT = "dwarf-with-dsym";
				ENABLE_NS_ASSERTIONS = NO;
				ENABLE_STRICT_OBJC_MSGSEND = YES;
				GCC_C_LANGUAGE_STANDARD = gnu11;
				GCC_NO_COMMON_BLOCKS = YES;
				GCC_WARN_64_TO_32_BIT_CONVERSION = YES;
				GCC_WARN_ABOUT_RETURN_TYPE = YES_ERROR;
				GCC_WARN_UNDECLARED_SELECTOR = YES;
				GCC_WARN_UNINITIALIZED_AUTOS = YES_AGGRESSIVE;
				GCC_WARN_UNUSED_FUNCTION = YES;
				GCC_WARN_UNUSED_VARIABLE = YES;
				IPHONEOS_DEPLOYMENT_TARGET = 11.4;
				MTL_ENABLE_DEBUG_INFO = NO;
				SDKROOT = iphoneos;
				SWIFT_COMPILATION_MODE = wholemodule;
				SWIFT_OPTIMIZATION_LEVEL = "-O";
				VALIDATE_PRODUCT = YES;
			};
			name = Release;
		};
		608983FE21027C5A00FFD85E /* Debug */ = {
			isa = XCBuildConfiguration;
			buildSettings = {
				ASSETCATALOG_COMPILER_APPICON_NAME = AppIcon;
				CODE_SIGN_STYLE = Automatic;
				INFOPLIST_FILE = EmbraceIOIntegrationDemo/Info.plist;
				LD_RUNPATH_SEARCH_PATHS = (
					"$(inherited)",
					"@executable_path/Frameworks",
				);
				PRODUCT_BUNDLE_IDENTIFIER = com.bottlerocketstudios.EmbraceIOIntegrationDemo;
				PRODUCT_NAME = "$(TARGET_NAME)";
				SWIFT_VERSION = 4.0;
				TARGETED_DEVICE_FAMILY = "1,2";
			};
			name = Debug;
		};
		608983FF21027C5A00FFD85E /* Release */ = {
			isa = XCBuildConfiguration;
			buildSettings = {
				ASSETCATALOG_COMPILER_APPICON_NAME = AppIcon;
				CODE_SIGN_STYLE = Automatic;
				INFOPLIST_FILE = EmbraceIOIntegrationDemo/Info.plist;
				LD_RUNPATH_SEARCH_PATHS = (
					"$(inherited)",
					"@executable_path/Frameworks",
				);
				PRODUCT_BUNDLE_IDENTIFIER = com.bottlerocketstudios.EmbraceIOIntegrationDemo;
				PRODUCT_NAME = "$(TARGET_NAME)";
				SWIFT_VERSION = 4.0;
				TARGETED_DEVICE_FAMILY = "1,2";
			};
			name = Release;
		};
		6089840121027C5A00FFD85E /* Debug */ = {
			isa = XCBuildConfiguration;
			buildSettings = {
				ALWAYS_EMBED_SWIFT_STANDARD_LIBRARIES = YES;
				BUNDLE_LOADER = "$(TEST_HOST)";
				CODE_SIGN_STYLE = Automatic;
				INFOPLIST_FILE = EmbraceIOIntegrationDemoTests/Info.plist;
				LD_RUNPATH_SEARCH_PATHS = (
					"$(inherited)",
					"@executable_path/Frameworks",
					"@loader_path/Frameworks",
				);
				PRODUCT_BUNDLE_IDENTIFIER = com.bottlerocketstudios.EmbraceIOIntegrationDemoTests;
				PRODUCT_NAME = "$(TARGET_NAME)";
				SWIFT_VERSION = 4.0;
				TARGETED_DEVICE_FAMILY = "1,2";
				TEST_HOST = "$(BUILT_PRODUCTS_DIR)/EmbraceIOIntegrationDemo.app/EmbraceIOIntegrationDemo";
			};
			name = Debug;
		};
		6089840221027C5A00FFD85E /* Release */ = {
			isa = XCBuildConfiguration;
			buildSettings = {
				ALWAYS_EMBED_SWIFT_STANDARD_LIBRARIES = YES;
				BUNDLE_LOADER = "$(TEST_HOST)";
				CODE_SIGN_STYLE = Automatic;
				INFOPLIST_FILE = EmbraceIOIntegrationDemoTests/Info.plist;
				LD_RUNPATH_SEARCH_PATHS = (
					"$(inherited)",
					"@executable_path/Frameworks",
					"@loader_path/Frameworks",
				);
				PRODUCT_BUNDLE_IDENTIFIER = com.bottlerocketstudios.EmbraceIOIntegrationDemoTests;
				PRODUCT_NAME = "$(TARGET_NAME)";
				SWIFT_VERSION = 4.0;
				TARGETED_DEVICE_FAMILY = "1,2";
				TEST_HOST = "$(BUILT_PRODUCTS_DIR)/EmbraceIOIntegrationDemo.app/EmbraceIOIntegrationDemo";
			};
			name = Release;
		};
		6089840421027C5A00FFD85E /* Debug */ = {
			isa = XCBuildConfiguration;
			buildSettings = {
				ALWAYS_EMBED_SWIFT_STANDARD_LIBRARIES = YES;
				CODE_SIGN_STYLE = Automatic;
				INFOPLIST_FILE = EmbraceIOIntegrationDemoUITests/Info.plist;
				LD_RUNPATH_SEARCH_PATHS = (
					"$(inherited)",
					"@executable_path/Frameworks",
					"@loader_path/Frameworks",
				);
				PRODUCT_BUNDLE_IDENTIFIER = com.bottlerocketstudios.EmbraceIOIntegrationDemoUITests;
				PRODUCT_NAME = "$(TARGET_NAME)";
				SWIFT_VERSION = 4.0;
				TARGETED_DEVICE_FAMILY = "1,2";
				TEST_TARGET_NAME = EmbraceIOIntegrationDemo;
			};
			name = Debug;
		};
		6089840521027C5A00FFD85E /* Release */ = {
			isa = XCBuildConfiguration;
			buildSettings = {
				ALWAYS_EMBED_SWIFT_STANDARD_LIBRARIES = YES;
				CODE_SIGN_STYLE = Automatic;
				INFOPLIST_FILE = EmbraceIOIntegrationDemoUITests/Info.plist;
				LD_RUNPATH_SEARCH_PATHS = (
					"$(inherited)",
					"@executable_path/Frameworks",
					"@loader_path/Frameworks",
				);
				PRODUCT_BUNDLE_IDENTIFIER = com.bottlerocketstudios.EmbraceIOIntegrationDemoUITests;
				PRODUCT_NAME = "$(TARGET_NAME)";
				SWIFT_VERSION = 4.0;
				TARGETED_DEVICE_FAMILY = "1,2";
				TEST_TARGET_NAME = EmbraceIOIntegrationDemo;
			};
			name = Release;
		};
/* End XCBuildConfiguration section */

/* Begin XCConfigurationList section */
		608983D021027C5800FFD85E /* Build configuration list for PBXProject "EmbraceIOIntegrationDemo" */ = {
			isa = XCConfigurationList;
			buildConfigurations = (
				608983FB21027C5A00FFD85E /* Debug */,
				608983FC21027C5A00FFD85E /* Release */,
			);
			defaultConfigurationIsVisible = 0;
			defaultConfigurationName = Release;
		};
		608983FD21027C5A00FFD85E /* Build configuration list for PBXNativeTarget "EmbraceIOIntegrationDemo" */ = {
			isa = XCConfigurationList;
			buildConfigurations = (
				608983FE21027C5A00FFD85E /* Debug */,
				608983FF21027C5A00FFD85E /* Release */,
			);
			defaultConfigurationIsVisible = 0;
			defaultConfigurationName = Release;
		};
		6089840021027C5A00FFD85E /* Build configuration list for PBXNativeTarget "EmbraceIOIntegrationDemoTests" */ = {
			isa = XCConfigurationList;
			buildConfigurations = (
				6089840121027C5A00FFD85E /* Debug */,
				6089840221027C5A00FFD85E /* Release */,
			);
			defaultConfigurationIsVisible = 0;
			defaultConfigurationName = Release;
		};
		6089840321027C5A00FFD85E /* Build configuration list for PBXNativeTarget "EmbraceIOIntegrationDemoUITests" */ = {
			isa = XCConfigurationList;
			buildConfigurations = (
				6089840421027C5A00FFD85E /* Debug */,
				6089840521027C5A00FFD85E /* Release */,
			);
			defaultConfigurationIsVisible = 0;
			defaultConfigurationName = Release;
		};
/* End XCConfigurationList section */
	};
	rootObject = 608983CD21027C5800FFD85E /* Project object */;
}
